hash: 626baa762ccd1fbbca07d25cda046ed97dedc08e0128938809a0c2c372ce11ec
updated: 2016-06-03T18:48:04.564904489-04:00
imports:
- name: github.com/markbates/going
  version: 8861b065618cb3c4eefc957fce296e7fbcf89ae5
  subpackages:
  - clam
- name: github.com/mattn/go-zglob
  version: 249e8bceca8cd265110a08bbb63303fb9db47445
devImports: []
