hash: 1d8a39f0a2e9ce613a972028540a2832e3839ff48c11a5c2a073e5399f0e9aa9
updated: 2016-06-03T23:03:31.221063531-04:00
imports:
- name: github.com/boltdb/bolt
  version: dfb21201d9270c1082d5fb0f07f500311ff72f18
- name: github.com/inconshreveable/mousetrap
  version: 76626ae9c91c4f2a10f34cad8ce83ea42c93bb75
- name: github.com/markbates/going
  version: 8861b065618cb3c4eefc957fce296e7fbcf89ae5
  subpackages:
  - clam
- name: github.com/mattn/go-zglob
  version: 249e8bceca8cd265110a08bbb63303fb9db47445
- name: github.com/mitchellh/go-homedir
  version: 981ab348d865cf048eb7d17e78ac7192632d8415
- name: github.com/spf13/cobra
  version: 7f2b5fdf2abcfcc7137deab2d55b4e4809f39454
- name: github.com/spf13/pflag
  version: cb88ea77998c3f024757528e3305022ab50b43be
devImports: []
